<Solution>
  <Project Path="src/Demo.Archivero.Backend.Api/Demo.Archivero.Backend.Api.csproj" />
  <Project Path="src/Demo.Archivero.Application/Demo.Archivero.Application.csproj" />
  <Project Path="src/Demo.Archivero.Domain/Demo.Archivero.Domain.csproj" />
  <Project Path="src/Demo.Archivero.Infrastructure.SqlRepository/Demo.Archivero.Infrastructure.SqlRepository.csproj" />
  <Project Path="src/Demo.Archivero.UnitTests/Demo.Archivero.UnitTests.csproj" />
  <Project Path="src/Demo.Archivero.Converter.Worker/Demo.Archivero.Converter.Worker.csproj" />
  <Project Path="src/Demo.Archivero.Frontend.Spa/Demo.Archivero.Frontend.Spa.csproj" />
  <Project Path="src/Demo.Archivero.Infrastructure.AzureBlob/Demo.Archivero.Infrastructure.AzureBlob.csproj" />
  <Project Path="src/Demo.Archivero.Infrastructure.OpenXml/Demo.Archivero.Infrastructure.OpenXml.csproj" />
  <Project Path="src/Demo.Archivero.Infrastructure.ServiceBus/Demo.Archivero.Infrastructure.ServiceBus.csproj" />
</Solution>
